
Microsoft Visual Studio Solution File, Format Version 12.00
# Visual Studio 15
VisualStudioVersion = 15.0.27428.2027
MinimumVisualStudioVersion = 10.0.40219.1
Project("{8BC9CEB8-8B4A-11D0-8D11-00A0C91BC942}") = "hw3_2", "hw3_2.vcxproj", "{10C5A04A-088C-46C6-BC5A-8885A97E2EC5}"
EndProject
Global
	GlobalSection(SolutionConfigurationPlatforms) = preSolution
		Debug|x64 = Debug|x64
		Debug|x86 = Debug|x86
		Release|x64 = Release|x64
		Release|x86 = Release|x86
	EndGlobalSection
	GlobalSection(ProjectConfigurationPlatforms) = postSolution
		{10C5A04A-088C-46C6-BC5A-8885A97E2EC5}.Debug|x64.ActiveCfg = Debug|x64
		{10C5A04A-088C-46C6-BC5A-8885A97E2EC5}.Debug|x64.Build.0 = Debug|x64
		{10C5A04A-088C-46C6-BC5A-8885A97E2EC5}.Debug|x86.ActiveCfg = Debug|Win32
		{10C5A04A-088C-46C6-BC5A-8885A97E2EC5}.Debug|x86.Build.0 = Debug|Win32
		{10C5A04A-088C-46C6-BC5A-8885A97E2EC5}.Release|x64.ActiveCfg = Release|x64
		{10C5A04A-088C-46C6-BC5A-8885A97E2EC5}.Release|x64.Build.0 = Release|x64
		{10C5A04A-088C-46C6-BC5A-8885A97E2EC5}.Release|x86.ActiveCfg = Release|Win32
		{10C5A04A-088C-46C6-BC5A-8885A97E2EC5}.Release|x86.Build.0 = Release|Win32
	EndGlobalSection
	GlobalSection(SolutionProperties) = preSolution
		HideSolutionNode = FALSE
	EndGlobalSection
	GlobalSection(ExtensibilityGlobals) = postSolution
		SolutionGuid = {D8E72110-DCD1-4222-9BEE-A4325A9DC20E}
	EndGlobalSection
EndGlobal
