
Microsoft Visual Studio Solution File, Format Version 12.00
# Visual Studio 15
VisualStudioVersion = 15.0.27428.2027
MinimumVisualStudioVersion = 10.0.40219.1
Project("{8BC9CEB8-8B4A-11D0-8D11-00A0C91BC942}") = "HW2_stackproj", "HW2_stackproj\HW2_stackproj.vcxproj", "{CA549714-88A7-4632-B914-6157B0698D90}"
EndProject
Global
	GlobalSection(SolutionConfigurationPlatforms) = preSolution
		Debug|x64 = Debug|x64
		Debug|x86 = Debug|x86
		Release|x64 = Release|x64
		Release|x86 = Release|x86
	EndGlobalSection
	GlobalSection(ProjectConfigurationPlatforms) = postSolution
		{CA549714-88A7-4632-B914-6157B0698D90}.Debug|x64.ActiveCfg = Debug|x64
		{CA549714-88A7-4632-B914-6157B0698D90}.Debug|x64.Build.0 = Debug|x64
		{CA549714-88A7-4632-B914-6157B0698D90}.Debug|x86.ActiveCfg = Debug|Win32
		{CA549714-88A7-4632-B914-6157B0698D90}.Debug|x86.Build.0 = Debug|Win32
		{CA549714-88A7-4632-B914-6157B0698D90}.Release|x64.ActiveCfg = Release|x64
		{CA549714-88A7-4632-B914-6157B0698D90}.Release|x64.Build.0 = Release|x64
		{CA549714-88A7-4632-B914-6157B0698D90}.Release|x86.ActiveCfg = Release|Win32
		{CA549714-88A7-4632-B914-6157B0698D90}.Release|x86.Build.0 = Release|Win32
	EndGlobalSection
	GlobalSection(SolutionProperties) = preSolution
		HideSolutionNode = FALSE
	EndGlobalSection
	GlobalSection(ExtensibilityGlobals) = postSolution
		SolutionGuid = {B4AAED74-F67E-43E5-9981-1D869976F1B9}
	EndGlobalSection
EndGlobal
